
Microsoft Visual Studio Solution File, Format Version 12.00
# Visual Studio Version 16
VisualStudioVersion = 16.0.31321.278
MinimumVisualStudioVersion = 10.0.40219.1
Project("{FAE04EC0-301F-11D3-BF4B-00C04F79EFBC}") = "EmployeeManagement", "EmployeeManagement\EmployeeManagement.csproj", "{27A939EE-68A6-4C66-960D-1A21F1D1C6BF}"
EndProject
Global
	GlobalSection(SolutionConfigurationPlatforms) = preSolution
		Debug|Any CPU = Debug|Any CPU
		Release|Any CPU = Release|Any CPU
	EndGlobalSection
	GlobalSection(ProjectConfigurationPlatforms) = postSolution
		{27A939EE-68A6-4C66-960D-1A21F1D1C6BF}.Debug|Any CPU.ActiveCfg = Debug|Any CPU
		{27A939EE-68A6-4C66-960D-1A21F1D1C6BF}.Debug|Any CPU.Build.0 = Debug|Any CPU
		{27A939EE-68A6-4C66-960D-1A21F1D1C6BF}.Release|Any CPU.ActiveCfg = Release|Any CPU
		{27A939EE-68A6-4C66-960D-1A21F1D1C6BF}.Release|Any CPU.Build.0 = Release|Any CPU
	EndGlobalSection
	GlobalSection(SolutionProperties) = preSolution
		HideSolutionNode = FALSE
	EndGlobalSection
	GlobalSection(ExtensibilityGlobals) = postSolution
		SolutionGuid = {C1411497-0253-4694-BE57-9F3648D6C6C9}
	EndGlobalSection
EndGlobal
